
Microsoft Visual Studio Solution File, Format Version 12.00
# Visual Studio Version 17
VisualStudioVersion = 17.14.36623.8
MinimumVisualStudioVersion = 10.0.40219.1
Project("{FAE04EC0-301F-11D3-BF4B-00C04F79EFBC}") = "AgentCoreProcessor", "AgentCoreProcessor\AgentCoreProcessor.csproj", "{89792DF4-2240-4A88-90AE-8BB7513C077C}"
EndProject
Project("{FAE04EC0-301F-11D3-BF4B-00C04F79EFBC}") = "AgentLilara.PluginSDK", "AgentLilara.PluginSDK\AgentLilara.PluginSDK.csproj", "{A6427E44-6FBD-41B4-B93D-FB02DA621829}"
EndProject
Project("{2150E333-8FDC-42A3-9474-1A3956D46DE8}") = "Plugins", "Plugins", "{07D57EEB-2F50-60C4-C011-FE4FA775C9A8}"
EndProject
Project("{FAE04EC0-301F-11D3-BF4B-00C04F79EFBC}") = "Plugin.BasicTools", "Plugins\Plugin.BasicTools\Plugin.BasicTools.csproj", "{BBC3D68A-B8FA-4E86-92F6-1E5E637AF90A}"
EndProject
Project("{FAE04EC0-301F-11D3-BF4B-00C04F79EFBC}") = "Plugin.WorkingTools", "Plugins\Plugin.WorkingTools\Plugin.WorkingTools.csproj", "{E8C2AAC4-7B24-400A-9923-949D4A6FCF02}"
EndProject
Project("{FAE04EC0-301F-11D3-BF4B-00C04F79EFBC}") = "Plugin.MemoryTools", "Plugins\Plugin.MemoryTools\Plugin.MemoryTools.csproj", "{906A787A-E1AB-4ECE-AC21-DD3AF8C1BFEA}"
EndProject
Project("{FAE04EC0-301F-11D3-BF4B-00C04F79EFBC}") = "Plugin.FileTools", "Plugins\Plugin.FileTools\Plugin.FileTools.csproj", "{4B96395C-DCFD-4877-81F2-5F7E3F7A46DD}"
EndProject
Project("{FAE04EC0-301F-11D3-BF4B-00C04F79EFBC}") = "Plugin.SystemTools", "Plugins\Plugin.SystemTools\Plugin.SystemTools.csproj", "{225CAE47-5F39-4103-8233-C5E54C9ACD1F}"
EndProject
Project("{FAE04EC0-301F-11D3-BF4B-00C04F79EFBC}") = "Plugin.ReviewTools", "Plugins\Plugin.ReviewTools\Plugin.ReviewTools.csproj", "{3EDEE486-96C7-43F7-90CF-BFE3570016A1}"
EndProject
Project("{FAE04EC0-301F-11D3-BF4B-00C04F79EFBC}") = "Plugin.CrossLoopTools", "Plugins\Plugin.CrossLoopTools\Plugin.CrossLoopTools.csproj", "{DF7D458C-DCF3-4A27-8EE4-A7DDA3594B83}"
EndProject
Project("{FAE04EC0-301F-11D3-BF4B-00C04F79EFBC}") = "Plugin.ScheduledTasks", "Plugins\Plugin.ScheduledTasks\Plugin.ScheduledTasks.csproj", "{F1869ECD-E617-49B8-B48C-8F2290836CAF}"
EndProject
Project("{FAE04EC0-301F-11D3-BF4B-00C04F79EFBC}") = "Plugin.NetworkTools", "Plugins\Plugin.NetworkTools\Plugin.NetworkTools.csproj", "{7E8C8EC0-4654-4C9D-A72B-3C4FD5B503C9}"
EndProject
Project("{FAE04EC0-301F-11D3-BF4B-00C04F79EFBC}") = "Plugin.WebSearch", "Plugins\Plugin.WebSearch\Plugin.WebSearch.csproj", "{D1D63990-BE5C-4E19-9143-327745D9707E}"
EndProject
Project("{FAE04EC0-301F-11D3-BF4B-00C04F79EFBC}") = "Plugin.GroupFileTools", "Plugins\Plugin.GroupFileTools\Plugin.GroupFileTools.csproj", "{E385CD7B-45C1-4F47-AD02-2F6101F4E398}"
EndProject
Project("{FAE04EC0-301F-11D3-BF4B-00C04F79EFBC}") = "Plugin.QuickActions", "Plugins\Plugin.QuickActions\Plugin.QuickActions.csproj", "{5E35F854-D65B-490A-AE0F-7F410F4AE1F2}"
EndProject
Project("{FAE04EC0-301F-11D3-BF4B-00C04F79EFBC}") = "FileToolKit.Shared", "Plugins\FileToolKit.Shared\FileToolKit.Shared.csproj", "{200BF849-4CBF-4008-B0A0-BDE2209A725B}"
EndProject
Project("{FAE04EC0-301F-11D3-BF4B-00C04F79EFBC}") = "Plugin.FileOps", "Plugins\Plugin.FileOps\Plugin.FileOps.csproj", "{F146A4DC-DF83-4E7C-89F8-F5D4530B89F7}"
EndProject
Project("{FAE04EC0-301F-11D3-BF4B-00C04F79EFBC}") = "Plugin.SshTools", "Plugins\Plugin.SshTools\Plugin.SshTools.csproj", "{535D2829-3BDD-42CD-B6FE-D98F881EC2BD}"
EndProject
Global
	GlobalSection(SolutionConfigurationPlatforms) = preSolution
		Debug|Any CPU = Debug|Any CPU
		Debug|x64 = Debug|x64
		Debug|x86 = Debug|x86
		Release|Any CPU = Release|Any CPU
		Release|x64 = Release|x64
		Release|x86 = Release|x86
	EndGlobalSection
	GlobalSection(ProjectConfigurationPlatforms) = postSolution
		{89792DF4-2240-4A88-90AE-8BB7513C077C}.Debug|Any CPU.ActiveCfg = Debug|Any CPU
		{89792DF4-2240-4A88-90AE-8BB7513C077C}.Debug|Any CPU.Build.0 = Debug|Any CPU
		{89792DF4-2240-4A88-90AE-8BB7513C077C}.Debug|x64.ActiveCfg = Debug|Any CPU
		{89792DF4-2240-4A88-90AE-8BB7513C077C}.Debug|x64.Build.0 = Debug|Any CPU
		{89792DF4-2240-4A88-90AE-8BB7513C077C}.Debug|x86.ActiveCfg = Debug|Any CPU
		{89792DF4-2240-4A88-90AE-8BB7513C077C}.Debug|x86.Build.0 = Debug|Any CPU
		{89792DF4-2240-4A88-90AE-8BB7513C077C}.Release|Any CPU.ActiveCfg = Release|Any CPU
		{89792DF4-2240-4A88-90AE-8BB7513C077C}.Release|Any CPU.Build.0 = Release|Any CPU
		{89792DF4-2240-4A88-90AE-8BB7513C077C}.Release|x64.ActiveCfg = Release|Any CPU
		{89792DF4-2240-4A88-90AE-8BB7513C077C}.Release|x64.Build.0 = Release|Any CPU
		{89792DF4-2240-4A88-90AE-8BB7513C077C}.Release|x86.ActiveCfg = Release|Any CPU
		{89792DF4-2240-4A88-90AE-8BB7513C077C}.Release|x86.Build.0 = Release|Any CPU
		{A6427E44-6FBD-41B4-B93D-FB02DA621829}.Debug|Any CPU.ActiveCfg = Debug|Any CPU
		{A6427E44-6FBD-41B4-B93D-FB02DA621829}.Debug|Any CPU.Build.0 = Debug|Any CPU
		{A6427E44-6FBD-41B4-B93D-FB02DA621829}.Debug|x64.ActiveCfg = Debug|Any CPU
		{A6427E44-6FBD-41B4-B93D-FB02DA621829}.Debug|x64.Build.0 = Debug|Any CPU
		{A6427E44-6FBD-41B4-B93D-FB02DA621829}.Debug|x86.ActiveCfg = Debug|Any CPU
		{A6427E44-6FBD-41B4-B93D-FB02DA621829}.Debug|x86.Build.0 = Debug|Any CPU
		{A6427E44-6FBD-41B4-B93D-FB02DA621829}.Release|Any CPU.ActiveCfg = Release|Any CPU
		{A6427E44-6FBD-41B4-B93D-FB02DA621829}.Release|Any CPU.Build.0 = Release|Any CPU
		{A6427E44-6FBD-41B4-B93D-FB02DA621829}.Release|x64.ActiveCfg = Release|Any CPU
		{A6427E44-6FBD-41B4-B93D-FB02DA621829}.Release|x64.Build.0 = Release|Any CPU
		{A6427E44-6FBD-41B4-B93D-FB02DA621829}.Release|x86.ActiveCfg = Release|Any CPU
		{A6427E44-6FBD-41B4-B93D-FB02DA621829}.Release|x86.Build.0 = Release|Any CPU
		{BBC3D68A-B8FA-4E86-92F6-1E5E637AF90A}.Debug|Any CPU.ActiveCfg = Debug|Any CPU
		{BBC3D68A-B8FA-4E86-92F6-1E5E637AF90A}.Debug|Any CPU.Build.0 = Debug|Any CPU
		{BBC3D68A-B8FA-4E86-92F6-1E5E637AF90A}.Debug|x64.ActiveCfg = Debug|Any CPU
		{BBC3D68A-B8FA-4E86-92F6-1E5E637AF90A}.Debug|x64.Build.0 = Debug|Any CPU
		{BBC3D68A-B8FA-4E86-92F6-1E5E637AF90A}.Debug|x86.ActiveCfg = Debug|Any CPU
		{BBC3D68A-B8FA-4E86-92F6-1E5E637AF90A}.Debug|x86.Build.0 = Debug|Any CPU
		{BBC3D68A-B8FA-4E86-92F6-1E5E637AF90A}.Release|Any CPU.ActiveCfg = Release|Any CPU
		{BBC3D68A-B8FA-4E86-92F6-1E5E637AF90A}.Release|Any CPU.Build.0 = Release|Any CPU
		{BBC3D68A-B8FA-4E86-92F6-1E5E637AF90A}.Release|x64.ActiveCfg = Release|Any CPU
		{BBC3D68A-B8FA-4E86-92F6-1E5E637AF90A}.Release|x64.Build.0 = Release|Any CPU
		{BBC3D68A-B8FA-4E86-92F6-1E5E637AF90A}.Release|x86.ActiveCfg = Release|Any CPU
		{BBC3D68A-B8FA-4E86-92F6-1E5E637AF90A}.Release|x86.Build.0 = Release|Any CPU
		{E8C2AAC4-7B24-400A-9923-949D4A6FCF02}.Debug|Any CPU.ActiveCfg = Debug|Any CPU
		{E8C2AAC4-7B24-400A-9923-949D4A6FCF02}.Debug|Any CPU.Build.0 = Debug|Any CPU
		{E8C2AAC4-7B24-400A-9923-949D4A6FCF02}.Debug|x64.ActiveCfg = Debug|Any CPU
		{E8C2AAC4-7B24-400A-9923-949D4A6FCF02}.Debug|x64.Build.0 = Debug|Any CPU
		{E8C2AAC4-7B24-400A-9923-949D4A6FCF02}.Debug|x86.ActiveCfg = Debug|Any CPU
		{E8C2AAC4-7B24-400A-9923-949D4A6FCF02}.Debug|x86.Build.0 = Debug|Any CPU
		{E8C2AAC4-7B24-400A-9923-949D4A6FCF02}.Release|Any CPU.ActiveCfg = Release|Any CPU
		{E8C2AAC4-7B24-400A-9923-949D4A6FCF02}.Release|Any CPU.Build.0 = Release|Any CPU
		{E8C2AAC4-7B24-400A-9923-949D4A6FCF02}.Release|x64.ActiveCfg = Release|Any CPU
		{E8C2AAC4-7B24-400A-9923-949D4A6FCF02}.Release|x64.Build.0 = Release|Any CPU
		{E8C2AAC4-7B24-400A-9923-949D4A6FCF02}.Release|x86.ActiveCfg = Release|Any CPU
		{E8C2AAC4-7B24-400A-9923-949D4A6FCF02}.Release|x86.Build.0 = Release|Any CPU
		{906A787A-E1AB-4ECE-AC21-DD3AF8C1BFEA}.Debug|Any CPU.ActiveCfg = Debug|Any CPU
		{906A787A-E1AB-4ECE-AC21-DD3AF8C1BFEA}.Debug|Any CPU.Build.0 = Debug|Any CPU
		{906A787A-E1AB-4ECE-AC21-DD3AF8C1BFEA}.Debug|x64.ActiveCfg = Debug|Any CPU
		{906A787A-E1AB-4ECE-AC21-DD3AF8C1BFEA}.Debug|x64.Build.0 = Debug|Any CPU
		{906A787A-E1AB-4ECE-AC21-DD3AF8C1BFEA}.Debug|x86.ActiveCfg = Debug|Any CPU
		{906A787A-E1AB-4ECE-AC21-DD3AF8C1BFEA}.Debug|x86.Build.0 = Debug|Any CPU
		{906A787A-E1AB-4ECE-AC21-DD3AF8C1BFEA}.Release|Any CPU.ActiveCfg = Release|Any CPU
		{906A787A-E1AB-4ECE-AC21-DD3AF8C1BFEA}.Release|Any CPU.Build.0 = Release|Any CPU
		{906A787A-E1AB-4ECE-AC21-DD3AF8C1BFEA}.Release|x64.ActiveCfg = Release|Any CPU
		{906A787A-E1AB-4ECE-AC21-DD3AF8C1BFEA}.Release|x64.Build.0 = Release|Any CPU
		{906A787A-E1AB-4ECE-AC21-DD3AF8C1BFEA}.Release|x86.ActiveCfg = Release|Any CPU
		{906A787A-E1AB-4ECE-AC21-DD3AF8C1BFEA}.Release|x86.Build.0 = Release|Any CPU
		{4B96395C-DCFD-4877-81F2-5F7E3F7A46DD}.Debug|Any CPU.ActiveCfg = Debug|Any CPU
		{4B96395C-DCFD-4877-81F2-5F7E3F7A46DD}.Debug|Any CPU.Build.0 = Debug|Any CPU
		{4B96395C-DCFD-4877-81F2-5F7E3F7A46DD}.Debug|x64.ActiveCfg = Debug|Any CPU
		{4B96395C-DCFD-4877-81F2-5F7E3F7A46DD}.Debug|x64.Build.0 = Debug|Any CPU
		{4B96395C-DCFD-4877-81F2-5F7E3F7A46DD}.Debug|x86.ActiveCfg = Debug|Any CPU
		{4B96395C-DCFD-4877-81F2-5F7E3F7A46DD}.Debug|x86.Build.0 = Debug|Any CPU
		{4B96395C-DCFD-4877-81F2-5F7E3F7A46DD}.Release|Any CPU.ActiveCfg = Release|Any CPU
		{4B96395C-DCFD-4877-81F2-5F7E3F7A46DD}.Release|Any CPU.Build.0 = Release|Any CPU
		{4B96395C-DCFD-4877-81F2-5F7E3F7A46DD}.Release|x64.ActiveCfg = Release|Any CPU
		{4B96395C-DCFD-4877-81F2-5F7E3F7A46DD}.Release|x64.Build.0 = Release|Any CPU
		{4B96395C-DCFD-4877-81F2-5F7E3F7A46DD}.Release|x86.ActiveCfg = Release|Any CPU
		{4B96395C-DCFD-4877-81F2-5F7E3F7A46DD}.Release|x86.Build.0 = Release|Any CPU
		{225CAE47-5F39-4103-8233-C5E54C9ACD1F}.Debug|Any CPU.ActiveCfg = Debug|Any CPU
		{225CAE47-5F39-4103-8233-C5E54C9ACD1F}.Debug|Any CPU.Build.0 = Debug|Any CPU
		{225CAE47-5F39-4103-8233-C5E54C9ACD1F}.Debug|x64.ActiveCfg = Debug|Any CPU
		{225CAE47-5F39-4103-8233-C5E54C9ACD1F}.Debug|x64.Build.0 = Debug|Any CPU
		{225CAE47-5F39-4103-8233-C5E54C9ACD1F}.Debug|x86.ActiveCfg = Debug|Any CPU
		{225CAE47-5F39-4103-8233-C5E54C9ACD1F}.Debug|x86.Build.0 = Debug|Any CPU
		{225CAE47-5F39-4103-8233-C5E54C9ACD1F}.Release|Any CPU.ActiveCfg = Release|Any CPU
		{225CAE47-5F39-4103-8233-C5E54C9ACD1F}.Release|Any CPU.Build.0 = Release|Any CPU
		{225CAE47-5F39-4103-8233-C5E54C9ACD1F}.Release|x64.ActiveCfg = Release|Any CPU
		{225CAE47-5F39-4103-8233-C5E54C9ACD1F}.Release|x64.Build.0 = Release|Any CPU
		{225CAE47-5F39-4103-8233-C5E54C9ACD1F}.Release|x86.ActiveCfg = Release|Any CPU
		{225CAE47-5F39-4103-8233-C5E54C9ACD1F}.Release|x86.Build.0 = Release|Any CPU
		{3EDEE486-96C7-43F7-90CF-BFE3570016A1}.Debug|Any CPU.ActiveCfg = Debug|Any CPU
		{3EDEE486-96C7-43F7-90CF-BFE3570016A1}.Debug|Any CPU.Build.0 = Debug|Any CPU
		{3EDEE486-96C7-43F7-90CF-BFE3570016A1}.Debug|x64.ActiveCfg = Debug|Any CPU
		{3EDEE486-96C7-43F7-90CF-BFE3570016A1}.Debug|x64.Build.0 = Debug|Any CPU
		{3EDEE486-96C7-43F7-90CF-BFE3570016A1}.Debug|x86.ActiveCfg = Debug|Any CPU
		{3EDEE486-96C7-43F7-90CF-BFE3570016A1}.Debug|x86.Build.0 = Debug|Any CPU
		{3EDEE486-96C7-43F7-90CF-BFE3570016A1}.Release|Any CPU.ActiveCfg = Release|Any CPU
		{3EDEE486-96C7-43F7-90CF-BFE3570016A1}.Release|Any CPU.Build.0 = Release|Any CPU
		{3EDEE486-96C7-43F7-90CF-BFE3570016A1}.Release|x64.ActiveCfg = Release|Any CPU
		{3EDEE486-96C7-43F7-90CF-BFE3570016A1}.Release|x64.Build.0 = Release|Any CPU
		{3EDEE486-96C7-43F7-90CF-BFE3570016A1}.Release|x86.ActiveCfg = Release|Any CPU
		{3EDEE486-96C7-43F7-90CF-BFE3570016A1}.Release|x86.Build.0 = Release|Any CPU
		{DF7D458C-DCF3-4A27-8EE4-A7DDA3594B83}.Debug|Any CPU.ActiveCfg = Debug|Any CPU
		{DF7D458C-DCF3-4A27-8EE4-A7DDA3594B83}.Debug|Any CPU.Build.0 = Debug|Any CPU
		{DF7D458C-DCF3-4A27-8EE4-A7DDA3594B83}.Debug|x64.ActiveCfg = Debug|Any CPU
		{DF7D458C-DCF3-4A27-8EE4-A7DDA3594B83}.Debug|x64.Build.0 = Debug|Any CPU
		{DF7D458C-DCF3-4A27-8EE4-A7DDA3594B83}.Debug|x86.ActiveCfg = Debug|Any CPU
		{DF7D458C-DCF3-4A27-8EE4-A7DDA3594B83}.Debug|x86.Build.0 = Debug|Any CPU
		{DF7D458C-DCF3-4A27-8EE4-A7DDA3594B83}.Release|Any CPU.ActiveCfg = Release|Any CPU
		{DF7D458C-DCF3-4A27-8EE4-A7DDA3594B83}.Release|Any CPU.Build.0 = Release|Any CPU
		{DF7D458C-DCF3-4A27-8EE4-A7DDA3594B83}.Release|x64.ActiveCfg = Release|Any CPU
		{DF7D458C-DCF3-4A27-8EE4-A7DDA3594B83}.Release|x64.Build.0 = Release|Any CPU
		{DF7D458C-DCF3-4A27-8EE4-A7DDA3594B83}.Release|x86.ActiveCfg = Release|Any CPU
		{DF7D458C-DCF3-4A27-8EE4-A7DDA3594B83}.Release|x86.Build.0 = Release|Any CPU
		{F1869ECD-E617-49B8-B48C-8F2290836CAF}.Debug|Any CPU.ActiveCfg = Debug|Any CPU
		{F1869ECD-E617-49B8-B48C-8F2290836CAF}.Debug|Any CPU.Build.0 = Debug|Any CPU
		{F1869ECD-E617-49B8-B48C-8F2290836CAF}.Debug|x64.ActiveCfg = Debug|Any CPU
		{F1869ECD-E617-49B8-B48C-8F2290836CAF}.Debug|x64.Build.0 = Debug|Any CPU
		{F1869ECD-E617-49B8-B48C-8F2290836CAF}.Debug|x86.ActiveCfg = Debug|Any CPU
		{F1869ECD-E617-49B8-B48C-8F2290836CAF}.Debug|x86.Build.0 = Debug|Any CPU
		{F1869ECD-E617-49B8-B48C-8F2290836CAF}.Release|Any CPU.ActiveCfg = Release|Any CPU
		{F1869ECD-E617-49B8-B48C-8F2290836CAF}.Release|Any CPU.Build.0 = Release|Any CPU
		{F1869ECD-E617-49B8-B48C-8F2290836CAF}.Release|x64.ActiveCfg = Release|Any CPU
		{F1869ECD-E617-49B8-B48C-8F2290836CAF}.Release|x64.Build.0 = Release|Any CPU
		{F1869ECD-E617-49B8-B48C-8F2290836CAF}.Release|x86.ActiveCfg = Release|Any CPU
		{F1869ECD-E617-49B8-B48C-8F2290836CAF}.Release|x86.Build.0 = Release|Any CPU
		{7E8C8EC0-4654-4C9D-A72B-3C4FD5B503C9}.Debug|Any CPU.ActiveCfg = Debug|Any CPU
		{7E8C8EC0-4654-4C9D-A72B-3C4FD5B503C9}.Debug|Any CPU.Build.0 = Debug|Any CPU
		{7E8C8EC0-4654-4C9D-A72B-3C4FD5B503C9}.Debug|x64.ActiveCfg = Debug|Any CPU
		{7E8C8EC0-4654-4C9D-A72B-3C4FD5B503C9}.Debug|x64.Build.0 = Debug|Any CPU
		{7E8C8EC0-4654-4C9D-A72B-3C4FD5B503C9}.Debug|x86.ActiveCfg = Debug|Any CPU
		{7E8C8EC0-4654-4C9D-A72B-3C4FD5B503C9}.Debug|x86.Build.0 = Debug|Any CPU
		{7E8C8EC0-4654-4C9D-A72B-3C4FD5B503C9}.Release|Any CPU.ActiveCfg = Release|Any CPU
		{7E8C8EC0-4654-4C9D-A72B-3C4FD5B503C9}.Release|Any CPU.Build.0 = Release|Any CPU
		{7E8C8EC0-4654-4C9D-A72B-3C4FD5B503C9}.Release|x64.ActiveCfg = Release|Any CPU
		{7E8C8EC0-4654-4C9D-A72B-3C4FD5B503C9}.Release|x64.Build.0 = Release|Any CPU
		{7E8C8EC0-4654-4C9D-A72B-3C4FD5B503C9}.Release|x86.ActiveCfg = Release|Any CPU
		{7E8C8EC0-4654-4C9D-A72B-3C4FD5B503C9}.Release|x86.Build.0 = Release|Any CPU
		{D1D63990-BE5C-4E19-9143-327745D9707E}.Debug|Any CPU.ActiveCfg = Debug|Any CPU
		{D1D63990-BE5C-4E19-9143-327745D9707E}.Debug|Any CPU.Build.0 = Debug|Any CPU
		{D1D63990-BE5C-4E19-9143-327745D9707E}.Debug|x64.ActiveCfg = Debug|Any CPU
		{D1D63990-BE5C-4E19-9143-327745D9707E}.Debug|x64.Build.0 = Debug|Any CPU
		{D1D63990-BE5C-4E19-9143-327745D9707E}.Debug|x86.ActiveCfg = Debug|Any CPU
		{D1D63990-BE5C-4E19-9143-327745D9707E}.Debug|x86.Build.0 = Debug|Any CPU
		{D1D63990-BE5C-4E19-9143-327745D9707E}.Release|Any CPU.ActiveCfg = Release|Any CPU
		{D1D63990-BE5C-4E19-9143-327745D9707E}.Release|Any CPU.Build.0 = Release|Any CPU
		{D1D63990-BE5C-4E19-9143-327745D9707E}.Release|x64.ActiveCfg = Release|Any CPU
		{D1D63990-BE5C-4E19-9143-327745D9707E}.Release|x64.Build.0 = Release|Any CPU
		{D1D63990-BE5C-4E19-9143-327745D9707E}.Release|x86.ActiveCfg = Release|Any CPU
		{D1D63990-BE5C-4E19-9143-327745D9707E}.Release|x86.Build.0 = Release|Any CPU
		{E385CD7B-45C1-4F47-AD02-2F6101F4E398}.Debug|Any CPU.ActiveCfg = Debug|Any CPU
		{E385CD7B-45C1-4F47-AD02-2F6101F4E398}.Debug|Any CPU.Build.0 = Debug|Any CPU
		{E385CD7B-45C1-4F47-AD02-2F6101F4E398}.Debug|x64.ActiveCfg = Debug|Any CPU
		{E385CD7B-45C1-4F47-AD02-2F6101F4E398}.Debug|x64.Build.0 = Debug|Any CPU
		{E385CD7B-45C1-4F47-AD02-2F6101F4E398}.Debug|x86.ActiveCfg = Debug|Any CPU
		{E385CD7B-45C1-4F47-AD02-2F6101F4E398}.Debug|x86.Build.0 = Debug|Any CPU
		{E385CD7B-45C1-4F47-AD02-2F6101F4E398}.Release|Any CPU.ActiveCfg = Release|Any CPU
		{E385CD7B-45C1-4F47-AD02-2F6101F4E398}.Release|Any CPU.Build.0 = Release|Any CPU
		{E385CD7B-45C1-4F47-AD02-2F6101F4E398}.Release|x64.ActiveCfg = Release|Any CPU
		{E385CD7B-45C1-4F47-AD02-2F6101F4E398}.Release|x64.Build.0 = Release|Any CPU
		{E385CD7B-45C1-4F47-AD02-2F6101F4E398}.Release|x86.ActiveCfg = Release|Any CPU
		{E385CD7B-45C1-4F47-AD02-2F6101F4E398}.Release|x86.Build.0 = Release|Any CPU
		{5E35F854-D65B-490A-AE0F-7F410F4AE1F2}.Debug|Any CPU.ActiveCfg = Debug|Any CPU
		{5E35F854-D65B-490A-AE0F-7F410F4AE1F2}.Debug|Any CPU.Build.0 = Debug|Any CPU
		{5E35F854-D65B-490A-AE0F-7F410F4AE1F2}.Debug|x64.ActiveCfg = Debug|Any CPU
		{5E35F854-D65B-490A-AE0F-7F410F4AE1F2}.Debug|x64.Build.0 = Debug|Any CPU
		{5E35F854-D65B-490A-AE0F-7F410F4AE1F2}.Debug|x86.ActiveCfg = Debug|Any CPU
		{5E35F854-D65B-490A-AE0F-7F410F4AE1F2}.Debug|x86.Build.0 = Debug|Any CPU
		{5E35F854-D65B-490A-AE0F-7F410F4AE1F2}.Release|Any CPU.ActiveCfg = Release|Any CPU
		{5E35F854-D65B-490A-AE0F-7F410F4AE1F2}.Release|Any CPU.Build.0 = Release|Any CPU
		{5E35F854-D65B-490A-AE0F-7F410F4AE1F2}.Release|x64.ActiveCfg = Release|Any CPU
		{5E35F854-D65B-490A-AE0F-7F410F4AE1F2}.Release|x64.Build.0 = Release|Any CPU
		{5E35F854-D65B-490A-AE0F-7F410F4AE1F2}.Release|x86.ActiveCfg = Release|Any CPU
		{5E35F854-D65B-490A-AE0F-7F410F4AE1F2}.Release|x86.Build.0 = Release|Any CPU
		{200BF849-4CBF-4008-B0A0-BDE2209A725B}.Debug|Any CPU.ActiveCfg = Debug|Any CPU
		{200BF849-4CBF-4008-B0A0-BDE2209A725B}.Debug|Any CPU.Build.0 = Debug|Any CPU
		{200BF849-4CBF-4008-B0A0-BDE2209A725B}.Debug|x64.ActiveCfg = Debug|Any CPU
		{200BF849-4CBF-4008-B0A0-BDE2209A725B}.Debug|x64.Build.0 = Debug|Any CPU
		{200BF849-4CBF-4008-B0A0-BDE2209A725B}.Debug|x86.ActiveCfg = Debug|Any CPU
		{200BF849-4CBF-4008-B0A0-BDE2209A725B}.Debug|x86.Build.0 = Debug|Any CPU
		{200BF849-4CBF-4008-B0A0-BDE2209A725B}.Release|Any CPU.ActiveCfg = Release|Any CPU
		{200BF849-4CBF-4008-B0A0-BDE2209A725B}.Release|Any CPU.Build.0 = Release|Any CPU
		{200BF849-4CBF-4008-B0A0-BDE2209A725B}.Release|x64.ActiveCfg = Release|Any CPU
		{200BF849-4CBF-4008-B0A0-BDE2209A725B}.Release|x64.Build.0 = Release|Any CPU
		{200BF849-4CBF-4008-B0A0-BDE2209A725B}.Release|x86.ActiveCfg = Release|Any CPU
		{200BF849-4CBF-4008-B0A0-BDE2209A725B}.Release|x86.Build.0 = Release|Any CPU
		{F146A4DC-DF83-4E7C-89F8-F5D4530B89F7}.Debug|Any CPU.ActiveCfg = Debug|Any CPU
		{F146A4DC-DF83-4E7C-89F8-F5D4530B89F7}.Debug|Any CPU.Build.0 = Debug|Any CPU
		{F146A4DC-DF83-4E7C-89F8-F5D4530B89F7}.Debug|x64.ActiveCfg = Debug|Any CPU
		{F146A4DC-DF83-4E7C-89F8-F5D4530B89F7}.Debug|x64.Build.0 = Debug|Any CPU
		{F146A4DC-DF83-4E7C-89F8-F5D4530B89F7}.Debug|x86.ActiveCfg = Debug|Any CPU
		{F146A4DC-DF83-4E7C-89F8-F5D4530B89F7}.Debug|x86.Build.0 = Debug|Any CPU
		{F146A4DC-DF83-4E7C-89F8-F5D4530B89F7}.Release|Any CPU.ActiveCfg = Release|Any CPU
		{F146A4DC-DF83-4E7C-89F8-F5D4530B89F7}.Release|Any CPU.Build.0 = Release|Any CPU
		{F146A4DC-DF83-4E7C-89F8-F5D4530B89F7}.Release|x64.ActiveCfg = Release|Any CPU
		{F146A4DC-DF83-4E7C-89F8-F5D4530B89F7}.Release|x64.Build.0 = Release|Any CPU
		{F146A4DC-DF83-4E7C-89F8-F5D4530B89F7}.Release|x86.ActiveCfg = Release|Any CPU
		{F146A4DC-DF83-4E7C-89F8-F5D4530B89F7}.Release|x86.Build.0 = Release|Any CPU
		{535D2829-3BDD-42CD-B6FE-D98F881EC2BD}.Debug|Any CPU.ActiveCfg = Debug|Any CPU
		{535D2829-3BDD-42CD-B6FE-D98F881EC2BD}.Debug|Any CPU.Build.0 = Debug|Any CPU
		{535D2829-3BDD-42CD-B6FE-D98F881EC2BD}.Debug|x64.ActiveCfg = Debug|Any CPU
		{535D2829-3BDD-42CD-B6FE-D98F881EC2BD}.Debug|x64.Build.0 = Debug|Any CPU
		{535D2829-3BDD-42CD-B6FE-D98F881EC2BD}.Debug|x86.ActiveCfg = Debug|Any CPU
		{535D2829-3BDD-42CD-B6FE-D98F881EC2BD}.Debug|x86.Build.0 = Debug|Any CPU
		{535D2829-3BDD-42CD-B6FE-D98F881EC2BD}.Release|Any CPU.ActiveCfg = Release|Any CPU
		{535D2829-3BDD-42CD-B6FE-D98F881EC2BD}.Release|Any CPU.Build.0 = Release|Any CPU
		{535D2829-3BDD-42CD-B6FE-D98F881EC2BD}.Release|x64.ActiveCfg = Release|Any CPU
		{535D2829-3BDD-42CD-B6FE-D98F881EC2BD}.Release|x64.Build.0 = Release|Any CPU
		{535D2829-3BDD-42CD-B6FE-D98F881EC2BD}.Release|x86.ActiveCfg = Release|Any CPU
		{535D2829-3BDD-42CD-B6FE-D98F881EC2BD}.Release|x86.Build.0 = Release|Any CPU
	EndGlobalSection
	GlobalSection(SolutionProperties) = preSolution
		HideSolutionNode = FALSE
	EndGlobalSection
	GlobalSection(NestedProjects) = preSolution
		{BBC3D68A-B8FA-4E86-92F6-1E5E637AF90A} = {07D57EEB-2F50-60C4-C011-FE4FA775C9A8}
		{E8C2AAC4-7B24-400A-9923-949D4A6FCF02} = {07D57EEB-2F50-60C4-C011-FE4FA775C9A8}
		{906A787A-E1AB-4ECE-AC21-DD3AF8C1BFEA} = {07D57EEB-2F50-60C4-C011-FE4FA775C9A8}
		{4B96395C-DCFD-4877-81F2-5F7E3F7A46DD} = {07D57EEB-2F50-60C4-C011-FE4FA775C9A8}
		{225CAE47-5F39-4103-8233-C5E54C9ACD1F} = {07D57EEB-2F50-60C4-C011-FE4FA775C9A8}
		{3EDEE486-96C7-43F7-90CF-BFE3570016A1} = {07D57EEB-2F50-60C4-C011-FE4FA775C9A8}
		{DF7D458C-DCF3-4A27-8EE4-A7DDA3594B83} = {07D57EEB-2F50-60C4-C011-FE4FA775C9A8}
		{F1869ECD-E617-49B8-B48C-8F2290836CAF} = {07D57EEB-2F50-60C4-C011-FE4FA775C9A8}
		{7E8C8EC0-4654-4C9D-A72B-3C4FD5B503C9} = {07D57EEB-2F50-60C4-C011-FE4FA775C9A8}
		{D1D63990-BE5C-4E19-9143-327745D9707E} = {07D57EEB-2F50-60C4-C011-FE4FA775C9A8}
		{E385CD7B-45C1-4F47-AD02-2F6101F4E398} = {07D57EEB-2F50-60C4-C011-FE4FA775C9A8}
		{5E35F854-D65B-490A-AE0F-7F410F4AE1F2} = {07D57EEB-2F50-60C4-C011-FE4FA775C9A8}
		{200BF849-4CBF-4008-B0A0-BDE2209A725B} = {07D57EEB-2F50-60C4-C011-FE4FA775C9A8}
		{F146A4DC-DF83-4E7C-89F8-F5D4530B89F7} = {07D57EEB-2F50-60C4-C011-FE4FA775C9A8}
		{535D2829-3BDD-42CD-B6FE-D98F881EC2BD} = {07D57EEB-2F50-60C4-C011-FE4FA775C9A8}
	EndGlobalSection
	GlobalSection(ExtensibilityGlobals) = postSolution
		SolutionGuid = {8CEA9C9A-F71A-47CA-9F61-06EB3E4ED44F}
	EndGlobalSection
EndGlobal
