
Microsoft Visual Studio Solution File, Format Version 12.00
# Visual Studio Version 17
VisualStudioVersion = 17.14.36623.8
MinimumVisualStudioVersion = 10.0.40219.1
Project("{FAE04EC0-301F-11D3-BF4B-00C04F79EFBC}") = "AgentCoreProcessor", "AgentCoreProcessor\AgentCoreProcessor.csproj", "{89792DF4-2240-4A88-90AE-8BB7513C077C}"
EndProject
Project("{FAE04EC0-301F-11D3-BF4B-00C04F79EFBC}") = "AgentLilara.PluginSDK", "AgentLilara.PluginSDK\AgentLilara.PluginSDK.csproj", "{A6427E44-6FBD-41B4-B93D-FB02DA621829}"
EndProject
Project("{2150E333-8FDC-42A3-9474-1A3956D46DE8}") = "Plugins", "Plugins", "{07D57EEB-2F50-60C4-C011-FE4FA775C9A8}"
EndProject
Project("{FAE04EC0-301F-11D3-BF4B-00C04F79EFBC}") = "Plugin.BasicTools", "Plugins\Plugin.BasicTools\Plugin.BasicTools.csproj", "{BBC3D68A-B8FA-4E86-92F6-1E5E637AF90A}"
EndProject
Global
	GlobalSection(SolutionConfigurationPlatforms) = preSolution
		Debug|Any CPU = Debug|Any CPU
		Debug|x64 = Debug|x64
		Debug|x86 = Debug|x86
		Release|Any CPU = Release|Any CPU
		Release|x64 = Release|x64
		Release|x86 = Release|x86
	EndGlobalSection
	GlobalSection(ProjectConfigurationPlatforms) = postSolution
		{89792DF4-2240-4A88-90AE-8BB7513C077C}.Debug|Any CPU.ActiveCfg = Debug|Any CPU
		{89792DF4-2240-4A88-90AE-8BB7513C077C}.Debug|Any CPU.Build.0 = Debug|Any CPU
		{89792DF4-2240-4A88-90AE-8BB7513C077C}.Debug|x64.ActiveCfg = Debug|Any CPU
		{89792DF4-2240-4A88-90AE-8BB7513C077C}.Debug|x64.Build.0 = Debug|Any CPU
		{89792DF4-2240-4A88-90AE-8BB7513C077C}.Debug|x86.ActiveCfg = Debug|Any CPU
		{89792DF4-2240-4A88-90AE-8BB7513C077C}.Debug|x86.Build.0 = Debug|Any CPU
		{89792DF4-2240-4A88-90AE-8BB7513C077C}.Release|Any CPU.ActiveCfg = Release|Any CPU
		{89792DF4-2240-4A88-90AE-8BB7513C077C}.Release|Any CPU.Build.0 = Release|Any CPU
		{89792DF4-2240-4A88-90AE-8BB7513C077C}.Release|x64.ActiveCfg = Release|Any CPU
		{89792DF4-2240-4A88-90AE-8BB7513C077C}.Release|x64.Build.0 = Release|Any CPU
		{89792DF4-2240-4A88-90AE-8BB7513C077C}.Release|x86.ActiveCfg = Release|Any CPU
		{89792DF4-2240-4A88-90AE-8BB7513C077C}.Release|x86.Build.0 = Release|Any CPU
		{A6427E44-6FBD-41B4-B93D-FB02DA621829}.Debug|Any CPU.ActiveCfg = Debug|Any CPU
		{A6427E44-6FBD-41B4-B93D-FB02DA621829}.Debug|Any CPU.Build.0 = Debug|Any CPU
		{A6427E44-6FBD-41B4-B93D-FB02DA621829}.Debug|x64.ActiveCfg = Debug|Any CPU
		{A6427E44-6FBD-41B4-B93D-FB02DA621829}.Debug|x64.Build.0 = Debug|Any CPU
		{A6427E44-6FBD-41B4-B93D-FB02DA621829}.Debug|x86.ActiveCfg = Debug|Any CPU
		{A6427E44-6FBD-41B4-B93D-FB02DA621829}.Debug|x86.Build.0 = Debug|Any CPU
		{A6427E44-6FBD-41B4-B93D-FB02DA621829}.Release|Any CPU.ActiveCfg = Release|Any CPU
		{A6427E44-6FBD-41B4-B93D-FB02DA621829}.Release|Any CPU.Build.0 = Release|Any CPU
		{A6427E44-6FBD-41B4-B93D-FB02DA621829}.Release|x64.ActiveCfg = Release|Any CPU
		{A6427E44-6FBD-41B4-B93D-FB02DA621829}.Release|x64.Build.0 = Release|Any CPU
		{A6427E44-6FBD-41B4-B93D-FB02DA621829}.Release|x86.ActiveCfg = Release|Any CPU
		{A6427E44-6FBD-41B4-B93D-FB02DA621829}.Release|x86.Build.0 = Release|Any CPU
		{BBC3D68A-B8FA-4E86-92F6-1E5E637AF90A}.Debug|Any CPU.ActiveCfg = Debug|Any CPU
		{BBC3D68A-B8FA-4E86-92F6-1E5E637AF90A}.Debug|Any CPU.Build.0 = Debug|Any CPU
		{BBC3D68A-B8FA-4E86-92F6-1E5E637AF90A}.Debug|x64.ActiveCfg = Debug|Any CPU
		{BBC3D68A-B8FA-4E86-92F6-1E5E637AF90A}.Debug|x64.Build.0 = Debug|Any CPU
		{BBC3D68A-B8FA-4E86-92F6-1E5E637AF90A}.Debug|x86.ActiveCfg = Debug|Any CPU
		{BBC3D68A-B8FA-4E86-92F6-1E5E637AF90A}.Debug|x86.Build.0 = Debug|Any CPU
		{BBC3D68A-B8FA-4E86-92F6-1E5E637AF90A}.Release|Any CPU.ActiveCfg = Release|Any CPU
		{BBC3D68A-B8FA-4E86-92F6-1E5E637AF90A}.Release|Any CPU.Build.0 = Release|Any CPU
		{BBC3D68A-B8FA-4E86-92F6-1E5E637AF90A}.Release|x64.ActiveCfg = Release|Any CPU
		{BBC3D68A-B8FA-4E86-92F6-1E5E637AF90A}.Release|x64.Build.0 = Release|Any CPU
		{BBC3D68A-B8FA-4E86-92F6-1E5E637AF90A}.Release|x86.ActiveCfg = Release|Any CPU
		{BBC3D68A-B8FA-4E86-92F6-1E5E637AF90A}.Release|x86.Build.0 = Release|Any CPU
	EndGlobalSection
	GlobalSection(SolutionProperties) = preSolution
		HideSolutionNode = FALSE
	EndGlobalSection
	GlobalSection(NestedProjects) = preSolution
		{BBC3D68A-B8FA-4E86-92F6-1E5E637AF90A} = {07D57EEB-2F50-60C4-C011-FE4FA775C9A8}
	EndGlobalSection
	GlobalSection(ExtensibilityGlobals) = postSolution
		SolutionGuid = {8CEA9C9A-F71A-47CA-9F61-06EB3E4ED44F}
	EndGlobalSection
EndGlobal
